
Microsoft Visual Studio Solution File, Format Version 12.00
# Visual Studio Version 16
VisualStudioVersion = 16.0.29424.173
MinimumVisualStudioVersion = 10.0.40219.1
Project("{FAE04EC0-301F-11D3-BF4B-00C04F79EFBC}") = "VotoElectronico", "VotoElectronico\VotoElectronico.csproj", "{AD2242C8-AF01-47B6-8AF1-7E12ED436CCD}"
EndProject
Global
	GlobalSection(SolutionConfigurationPlatforms) = preSolution
		Debug|Any CPU = Debug|Any CPU
		Release|Any CPU = Release|Any CPU
	EndGlobalSection
	GlobalSection(ProjectConfigurationPlatforms) = postSolution
		{AD2242C8-AF01-47B6-8AF1-7E12ED436CCD}.Debug|Any CPU.ActiveCfg = Debug|Any CPU
		{AD2242C8-AF01-47B6-8AF1-7E12ED436CCD}.Debug|Any CPU.Build.0 = Debug|Any CPU
		{AD2242C8-AF01-47B6-8AF1-7E12ED436CCD}.Release|Any CPU.ActiveCfg = Release|Any CPU
		{AD2242C8-AF01-47B6-8AF1-7E12ED436CCD}.Release|Any CPU.Build.0 = Release|Any CPU
	EndGlobalSection
	GlobalSection(SolutionProperties) = preSolution
		HideSolutionNode = FALSE
	EndGlobalSection
	GlobalSection(ExtensibilityGlobals) = postSolution
		SolutionGuid = {78175AAC-E949-4BA3-A49C-1951CEEFCC8D}
	EndGlobalSection
EndGlobal
